
Microsoft Visual Studio Solution File, Format Version 12.00
Project("{FAE04EC0-301F-11D3-BF4B-00C04F79EFBC}") = "Zadanie1", "Zadanie1\Zadanie1.csproj", "{C974FAFE-2EE5-4CE5-A373-5A302541C953}"
EndProject
Project("{FAE04EC0-301F-11D3-BF4B-00C04F79EFBC}") = "Zadanie1UnitTests", "Zadanie1UnitTests\Zadanie1UnitTests.csproj", "{98722C35-EC61-49CD-AC30-EE32FEFEF4B2}"
EndProject
Project("{FAE04EC0-301F-11D3-BF4B-00C04F79EFBC}") = "Zadanie2", "Zadanie2\Zadanie2.csproj", "{AF8213B1-1032-4CE4-B287-8F8A40203009}"
EndProject
Project("{FAE04EC0-301F-11D3-BF4B-00C04F79EFBC}") = "Zadanie2UnitTests", "Zadanie2UnitTests\Zadanie2UnitTests.csproj", "{C3597FC6-AFD2-4B1B-90AD-559240D8820B}"
EndProject
Project("{FAE04EC0-301F-11D3-BF4B-00C04F79EFBC}") = "Zadanie3", "Zadanie3\Zadanie3.csproj", "{BAECD5C7-3B76-48B6-8C45-5A150B991113}"
EndProject
Project("{FAE04EC0-301F-11D3-BF4B-00C04F79EFBC}") = "Zadanie3UnitTests", "Zadanie3UnitTests\Zadanie3UnitTests.csproj", "{8751F4E9-E659-47D7-8CE7-5A60B63F3350}"
EndProject
Global
	GlobalSection(SolutionConfigurationPlatforms) = preSolution
		Debug|Any CPU = Debug|Any CPU
		Release|Any CPU = Release|Any CPU
	EndGlobalSection
	GlobalSection(ProjectConfigurationPlatforms) = postSolution
		{C974FAFE-2EE5-4CE5-A373-5A302541C953}.Debug|Any CPU.ActiveCfg = Debug|Any CPU
		{C974FAFE-2EE5-4CE5-A373-5A302541C953}.Debug|Any CPU.Build.0 = Debug|Any CPU
		{C974FAFE-2EE5-4CE5-A373-5A302541C953}.Release|Any CPU.ActiveCfg = Release|Any CPU
		{C974FAFE-2EE5-4CE5-A373-5A302541C953}.Release|Any CPU.Build.0 = Release|Any CPU
		{98722C35-EC61-49CD-AC30-EE32FEFEF4B2}.Debug|Any CPU.ActiveCfg = Debug|Any CPU
		{98722C35-EC61-49CD-AC30-EE32FEFEF4B2}.Debug|Any CPU.Build.0 = Debug|Any CPU
		{98722C35-EC61-49CD-AC30-EE32FEFEF4B2}.Release|Any CPU.ActiveCfg = Release|Any CPU
		{98722C35-EC61-49CD-AC30-EE32FEFEF4B2}.Release|Any CPU.Build.0 = Release|Any CPU
		{AF8213B1-1032-4CE4-B287-8F8A40203009}.Debug|Any CPU.ActiveCfg = Debug|Any CPU
		{AF8213B1-1032-4CE4-B287-8F8A40203009}.Debug|Any CPU.Build.0 = Debug|Any CPU
		{AF8213B1-1032-4CE4-B287-8F8A40203009}.Release|Any CPU.ActiveCfg = Release|Any CPU
		{AF8213B1-1032-4CE4-B287-8F8A40203009}.Release|Any CPU.Build.0 = Release|Any CPU
		{C3597FC6-AFD2-4B1B-90AD-559240D8820B}.Debug|Any CPU.ActiveCfg = Debug|Any CPU
		{C3597FC6-AFD2-4B1B-90AD-559240D8820B}.Debug|Any CPU.Build.0 = Debug|Any CPU
		{C3597FC6-AFD2-4B1B-90AD-559240D8820B}.Release|Any CPU.ActiveCfg = Release|Any CPU
		{C3597FC6-AFD2-4B1B-90AD-559240D8820B}.Release|Any CPU.Build.0 = Release|Any CPU
		{BAECD5C7-3B76-48B6-8C45-5A150B991113}.Debug|Any CPU.ActiveCfg = Debug|Any CPU
		{BAECD5C7-3B76-48B6-8C45-5A150B991113}.Debug|Any CPU.Build.0 = Debug|Any CPU
		{BAECD5C7-3B76-48B6-8C45-5A150B991113}.Release|Any CPU.ActiveCfg = Release|Any CPU
		{BAECD5C7-3B76-48B6-8C45-5A150B991113}.Release|Any CPU.Build.0 = Release|Any CPU
		{8751F4E9-E659-47D7-8CE7-5A60B63F3350}.Debug|Any CPU.ActiveCfg = Debug|Any CPU
		{8751F4E9-E659-47D7-8CE7-5A60B63F3350}.Debug|Any CPU.Build.0 = Debug|Any CPU
		{8751F4E9-E659-47D7-8CE7-5A60B63F3350}.Release|Any CPU.ActiveCfg = Release|Any CPU
		{8751F4E9-E659-47D7-8CE7-5A60B63F3350}.Release|Any CPU.Build.0 = Release|Any CPU
	EndGlobalSection
EndGlobal
